
Microsoft Visual Studio Solution File, Format Version 12.00
# Visual Studio 15
VisualStudioVersion = 15.0.26124.0
MinimumVisualStudioVersion = 15.0.26124.0
Project("{2150E333-8FDC-42A3-9474-1A3956D46DE8}") = "Domain", "Domain", "{B2319AA9-D6F7-4580-8B52-E5A51719695C}"
EndProject
Project("{FAE04EC0-301F-11D3-BF4B-00C04F79EFBC}") = "MicroRabbit.Domain.Core", "Domain\MicroRabbit.Domain.Core\MicroRabbit.Domain.Core.csproj", "{B2973822-DF23-44DD-8EB6-FA4D4117D527}"
EndProject
Project("{2150E333-8FDC-42A3-9474-1A3956D46DE8}") = "Infra.Bus", "Infra.Bus", "{1B5085BD-7F69-4C4F-90EF-701C1418825B}"
EndProject
Project("{FAE04EC0-301F-11D3-BF4B-00C04F79EFBC}") = "MicroRabbit.Infra.Bus", "Infra.Bus\MicroRabbit.Infra.Bus\MicroRabbit.Infra.Bus.csproj", "{CA9A6D99-EEA6-4BE0-A257-C58F98CEAA9A}"
EndProject
Project("{2150E333-8FDC-42A3-9474-1A3956D46DE8}") = "Infra.IoC", "Infra.IoC", "{64771907-AC16-4C4D-BC85-F697E85BDEB2}"
EndProject
Project("{FAE04EC0-301F-11D3-BF4B-00C04F79EFBC}") = "MicroRabbit.Infra.IoC", "Infra.IoC\MicroRabbit.Infra.IoC\MicroRabbit.Infra.IoC.csproj", "{BC7B12C8-FA3B-446E-8183-5EF7E64B42FF}"
EndProject
Project("{2150E333-8FDC-42A3-9474-1A3956D46DE8}") = "Microservices", "Microservices", "{A107EEE5-A2BE-4221-A2BB-923B35CAECC4}"
EndProject
Project("{2150E333-8FDC-42A3-9474-1A3956D46DE8}") = "Banking", "Banking", "{F5F988E0-02DC-4197-8EDC-397EA7F23BCA}"
EndProject
Project("{2150E333-8FDC-42A3-9474-1A3956D46DE8}") = "Domain", "Domain", "{A9496040-18C9-43BF-AC8B-EF28BFD760AA}"
EndProject
Project("{FAE04EC0-301F-11D3-BF4B-00C04F79EFBC}") = "MicroRabbit.Banking.Domain", "Microservices\Banking\Domain\MicroRabbit.Banking.Domain\MicroRabbit.Banking.Domain.csproj", "{64C66B8F-5B92-42EA-A5B6-D10CB22DDED1}"
EndProject
Project("{2150E333-8FDC-42A3-9474-1A3956D46DE8}") = "API", "API", "{E3AF2DC3-0501-4B46-9C8D-9B9CCB6DDA0A}"
EndProject
Project("{FAE04EC0-301F-11D3-BF4B-00C04F79EFBC}") = "MicroRabbit.Banking.API", "Microservices\Banking\API\MicroRabbit.Banking.API\MicroRabbit.Banking.API.csproj", "{0E3AC280-163F-4474-8269-F6FF84D269DD}"
EndProject
Project("{2150E333-8FDC-42A3-9474-1A3956D46DE8}") = "Application", "Application", "{8FA8C6E4-2EBB-423E-9E95-4B70F500361C}"
EndProject
Project("{FAE04EC0-301F-11D3-BF4B-00C04F79EFBC}") = "MicroRabbit.Banking.Application", "Microservices\Banking\Application\MicroRabbit.Banking.Application\MicroRabbit.Banking.Application.csproj", "{5A53A77C-CC14-4D4A-BFE2-8780ACFFD179}"
EndProject
Project("{2150E333-8FDC-42A3-9474-1A3956D46DE8}") = "Data", "Data", "{C5EC9933-C59D-4867-AC3D-6AD00CD9FE3A}"
EndProject
Project("{FAE04EC0-301F-11D3-BF4B-00C04F79EFBC}") = "MicroRabbit.Banking.Data", "Microservices\Banking\Data\MicroRabbit.Banking.Data\MicroRabbit.Banking.Data.csproj", "{A397D26E-F615-44C5-A69E-1A1A5BE6B6C4}"
EndProject
Project("{2150E333-8FDC-42A3-9474-1A3956D46DE8}") = "Transfers", "Transfers", "{0FA6F746-89C6-4AA1-9CF1-1F8D2745AF97}"
EndProject
Project("{2150E333-8FDC-42A3-9474-1A3956D46DE8}") = "Domain", "Domain", "{E01C5680-89BE-4659-B050-3F9B1911AFEB}"
EndProject
Project("{FAE04EC0-301F-11D3-BF4B-00C04F79EFBC}") = "MicroRabbit.Transfers.Domain", "Microservices\Transfers\Domain\MicroRabbit.Transfers.Domain\MicroRabbit.Transfers.Domain.csproj", "{C4DF34BB-CE87-45FC-9EB8-E69967F22818}"
EndProject
Project("{2150E333-8FDC-42A3-9474-1A3956D46DE8}") = "Data", "Data", "{C680CB9E-D547-4324-A224-344C8C8472A4}"
EndProject
Project("{FAE04EC0-301F-11D3-BF4B-00C04F79EFBC}") = "MicroRabbit.Transfers.Data", "Microservices\Transfers\Data\MicroRabbit.Transfers.Data\MicroRabbit.Transfers.Data.csproj", "{B62F8E19-C7B4-421B-B2E7-E382DA0708FE}"
EndProject
Project("{2150E333-8FDC-42A3-9474-1A3956D46DE8}") = "Application", "Application", "{943D70A6-B1C6-41F3-9951-D5D28BFB34B7}"
EndProject
Project("{FAE04EC0-301F-11D3-BF4B-00C04F79EFBC}") = "MicroRabbit.Transfers.Application", "Microservices\Transfers\Application\MicroRabbit.Transfers.Application\MicroRabbit.Transfers.Application.csproj", "{6FEBFD64-8B22-4C69-8BFB-8CB7837A449C}"
EndProject
Project("{2150E333-8FDC-42A3-9474-1A3956D46DE8}") = "API", "API", "{3332E6B8-57AD-49FE-A562-C64063565CEE}"
EndProject
Project("{FAE04EC0-301F-11D3-BF4B-00C04F79EFBC}") = "MicroRabbit.Transfers.API", "Microservices\Transfers\API\MicroRabbit.Transfers.API\MicroRabbit.Transfers.API.csproj", "{0AB84F10-02E6-4A77-8E87-55CA188C6B66}"
EndProject
Global
	GlobalSection(SolutionConfigurationPlatforms) = preSolution
		Debug|Any CPU = Debug|Any CPU
		Debug|x64 = Debug|x64
		Debug|x86 = Debug|x86
		Release|Any CPU = Release|Any CPU
		Release|x64 = Release|x64
		Release|x86 = Release|x86
	EndGlobalSection
	GlobalSection(SolutionProperties) = preSolution
		HideSolutionNode = FALSE
	EndGlobalSection
	GlobalSection(ProjectConfigurationPlatforms) = postSolution
		{B2973822-DF23-44DD-8EB6-FA4D4117D527}.Debug|Any CPU.ActiveCfg = Debug|Any CPU
		{B2973822-DF23-44DD-8EB6-FA4D4117D527}.Debug|Any CPU.Build.0 = Debug|Any CPU
		{B2973822-DF23-44DD-8EB6-FA4D4117D527}.Debug|x64.ActiveCfg = Debug|Any CPU
		{B2973822-DF23-44DD-8EB6-FA4D4117D527}.Debug|x64.Build.0 = Debug|Any CPU
		{B2973822-DF23-44DD-8EB6-FA4D4117D527}.Debug|x86.ActiveCfg = Debug|Any CPU
		{B2973822-DF23-44DD-8EB6-FA4D4117D527}.Debug|x86.Build.0 = Debug|Any CPU
		{B2973822-DF23-44DD-8EB6-FA4D4117D527}.Release|Any CPU.ActiveCfg = Release|Any CPU
		{B2973822-DF23-44DD-8EB6-FA4D4117D527}.Release|Any CPU.Build.0 = Release|Any CPU
		{B2973822-DF23-44DD-8EB6-FA4D4117D527}.Release|x64.ActiveCfg = Release|Any CPU
		{B2973822-DF23-44DD-8EB6-FA4D4117D527}.Release|x64.Build.0 = Release|Any CPU
		{B2973822-DF23-44DD-8EB6-FA4D4117D527}.Release|x86.ActiveCfg = Release|Any CPU
		{B2973822-DF23-44DD-8EB6-FA4D4117D527}.Release|x86.Build.0 = Release|Any CPU
		{CA9A6D99-EEA6-4BE0-A257-C58F98CEAA9A}.Debug|Any CPU.ActiveCfg = Debug|Any CPU
		{CA9A6D99-EEA6-4BE0-A257-C58F98CEAA9A}.Debug|Any CPU.Build.0 = Debug|Any CPU
		{CA9A6D99-EEA6-4BE0-A257-C58F98CEAA9A}.Debug|x64.ActiveCfg = Debug|Any CPU
		{CA9A6D99-EEA6-4BE0-A257-C58F98CEAA9A}.Debug|x64.Build.0 = Debug|Any CPU
		{CA9A6D99-EEA6-4BE0-A257-C58F98CEAA9A}.Debug|x86.ActiveCfg = Debug|Any CPU
		{CA9A6D99-EEA6-4BE0-A257-C58F98CEAA9A}.Debug|x86.Build.0 = Debug|Any CPU
		{CA9A6D99-EEA6-4BE0-A257-C58F98CEAA9A}.Release|Any CPU.ActiveCfg = Release|Any CPU
		{CA9A6D99-EEA6-4BE0-A257-C58F98CEAA9A}.Release|Any CPU.Build.0 = Release|Any CPU
		{CA9A6D99-EEA6-4BE0-A257-C58F98CEAA9A}.Release|x64.ActiveCfg = Release|Any CPU
		{CA9A6D99-EEA6-4BE0-A257-C58F98CEAA9A}.Release|x64.Build.0 = Release|Any CPU
		{CA9A6D99-EEA6-4BE0-A257-C58F98CEAA9A}.Release|x86.ActiveCfg = Release|Any CPU
		{CA9A6D99-EEA6-4BE0-A257-C58F98CEAA9A}.Release|x86.Build.0 = Release|Any CPU
		{BC7B12C8-FA3B-446E-8183-5EF7E64B42FF}.Debug|Any CPU.ActiveCfg = Debug|Any CPU
		{BC7B12C8-FA3B-446E-8183-5EF7E64B42FF}.Debug|Any CPU.Build.0 = Debug|Any CPU
		{BC7B12C8-FA3B-446E-8183-5EF7E64B42FF}.Debug|x64.ActiveCfg = Debug|Any CPU
		{BC7B12C8-FA3B-446E-8183-5EF7E64B42FF}.Debug|x64.Build.0 = Debug|Any CPU
		{BC7B12C8-FA3B-446E-8183-5EF7E64B42FF}.Debug|x86.ActiveCfg = Debug|Any CPU
		{BC7B12C8-FA3B-446E-8183-5EF7E64B42FF}.Debug|x86.Build.0 = Debug|Any CPU
		{BC7B12C8-FA3B-446E-8183-5EF7E64B42FF}.Release|Any CPU.ActiveCfg = Release|Any CPU
		{BC7B12C8-FA3B-446E-8183-5EF7E64B42FF}.Release|Any CPU.Build.0 = Release|Any CPU
		{BC7B12C8-FA3B-446E-8183-5EF7E64B42FF}.Release|x64.ActiveCfg = Release|Any CPU
		{BC7B12C8-FA3B-446E-8183-5EF7E64B42FF}.Release|x64.Build.0 = Release|Any CPU
		{BC7B12C8-FA3B-446E-8183-5EF7E64B42FF}.Release|x86.ActiveCfg = Release|Any CPU
		{BC7B12C8-FA3B-446E-8183-5EF7E64B42FF}.Release|x86.Build.0 = Release|Any CPU
		{64C66B8F-5B92-42EA-A5B6-D10CB22DDED1}.Debug|Any CPU.ActiveCfg = Debug|Any CPU
		{64C66B8F-5B92-42EA-A5B6-D10CB22DDED1}.Debug|Any CPU.Build.0 = Debug|Any CPU
		{64C66B8F-5B92-42EA-A5B6-D10CB22DDED1}.Debug|x64.ActiveCfg = Debug|Any CPU
		{64C66B8F-5B92-42EA-A5B6-D10CB22DDED1}.Debug|x64.Build.0 = Debug|Any CPU
		{64C66B8F-5B92-42EA-A5B6-D10CB22DDED1}.Debug|x86.ActiveCfg = Debug|Any CPU
		{64C66B8F-5B92-42EA-A5B6-D10CB22DDED1}.Debug|x86.Build.0 = Debug|Any CPU
		{64C66B8F-5B92-42EA-A5B6-D10CB22DDED1}.Release|Any CPU.ActiveCfg = Release|Any CPU
		{64C66B8F-5B92-42EA-A5B6-D10CB22DDED1}.Release|Any CPU.Build.0 = Release|Any CPU
		{64C66B8F-5B92-42EA-A5B6-D10CB22DDED1}.Release|x64.ActiveCfg = Release|Any CPU
		{64C66B8F-5B92-42EA-A5B6-D10CB22DDED1}.Release|x64.Build.0 = Release|Any CPU
		{64C66B8F-5B92-42EA-A5B6-D10CB22DDED1}.Release|x86.ActiveCfg = Release|Any CPU
		{64C66B8F-5B92-42EA-A5B6-D10CB22DDED1}.Release|x86.Build.0 = Release|Any CPU
		{0E3AC280-163F-4474-8269-F6FF84D269DD}.Debug|Any CPU.ActiveCfg = Debug|Any CPU
		{0E3AC280-163F-4474-8269-F6FF84D269DD}.Debug|Any CPU.Build.0 = Debug|Any CPU
		{0E3AC280-163F-4474-8269-F6FF84D269DD}.Debug|x64.ActiveCfg = Debug|Any CPU
		{0E3AC280-163F-4474-8269-F6FF84D269DD}.Debug|x64.Build.0 = Debug|Any CPU
		{0E3AC280-163F-4474-8269-F6FF84D269DD}.Debug|x86.ActiveCfg = Debug|Any CPU
		{0E3AC280-163F-4474-8269-F6FF84D269DD}.Debug|x86.Build.0 = Debug|Any CPU
		{0E3AC280-163F-4474-8269-F6FF84D269DD}.Release|Any CPU.ActiveCfg = Release|Any CPU
		{0E3AC280-163F-4474-8269-F6FF84D269DD}.Release|Any CPU.Build.0 = Release|Any CPU
		{0E3AC280-163F-4474-8269-F6FF84D269DD}.Release|x64.ActiveCfg = Release|Any CPU
		{0E3AC280-163F-4474-8269-F6FF84D269DD}.Release|x64.Build.0 = Release|Any CPU
		{0E3AC280-163F-4474-8269-F6FF84D269DD}.Release|x86.ActiveCfg = Release|Any CPU
		{0E3AC280-163F-4474-8269-F6FF84D269DD}.Release|x86.Build.0 = Release|Any CPU
		{5A53A77C-CC14-4D4A-BFE2-8780ACFFD179}.Debug|Any CPU.ActiveCfg = Debug|Any CPU
		{5A53A77C-CC14-4D4A-BFE2-8780ACFFD179}.Debug|Any CPU.Build.0 = Debug|Any CPU
		{5A53A77C-CC14-4D4A-BFE2-8780ACFFD179}.Debug|x64.ActiveCfg = Debug|Any CPU
		{5A53A77C-CC14-4D4A-BFE2-8780ACFFD179}.Debug|x64.Build.0 = Debug|Any CPU
		{5A53A77C-CC14-4D4A-BFE2-8780ACFFD179}.Debug|x86.ActiveCfg = Debug|Any CPU
		{5A53A77C-CC14-4D4A-BFE2-8780ACFFD179}.Debug|x86.Build.0 = Debug|Any CPU
		{5A53A77C-CC14-4D4A-BFE2-8780ACFFD179}.Release|Any CPU.ActiveCfg = Release|Any CPU
		{5A53A77C-CC14-4D4A-BFE2-8780ACFFD179}.Release|Any CPU.Build.0 = Release|Any CPU
		{5A53A77C-CC14-4D4A-BFE2-8780ACFFD179}.Release|x64.ActiveCfg = Release|Any CPU
		{5A53A77C-CC14-4D4A-BFE2-8780ACFFD179}.Release|x64.Build.0 = Release|Any CPU
		{5A53A77C-CC14-4D4A-BFE2-8780ACFFD179}.Release|x86.ActiveCfg = Release|Any CPU
		{5A53A77C-CC14-4D4A-BFE2-8780ACFFD179}.Release|x86.Build.0 = Release|Any CPU
		{A397D26E-F615-44C5-A69E-1A1A5BE6B6C4}.Debug|Any CPU.ActiveCfg = Debug|Any CPU
		{A397D26E-F615-44C5-A69E-1A1A5BE6B6C4}.Debug|Any CPU.Build.0 = Debug|Any CPU
		{A397D26E-F615-44C5-A69E-1A1A5BE6B6C4}.Debug|x64.ActiveCfg = Debug|Any CPU
		{A397D26E-F615-44C5-A69E-1A1A5BE6B6C4}.Debug|x64.Build.0 = Debug|Any CPU
		{A397D26E-F615-44C5-A69E-1A1A5BE6B6C4}.Debug|x86.ActiveCfg = Debug|Any CPU
		{A397D26E-F615-44C5-A69E-1A1A5BE6B6C4}.Debug|x86.Build.0 = Debug|Any CPU
		{A397D26E-F615-44C5-A69E-1A1A5BE6B6C4}.Release|Any CPU.ActiveCfg = Release|Any CPU
		{A397D26E-F615-44C5-A69E-1A1A5BE6B6C4}.Release|Any CPU.Build.0 = Release|Any CPU
		{A397D26E-F615-44C5-A69E-1A1A5BE6B6C4}.Release|x64.ActiveCfg = Release|Any CPU
		{A397D26E-F615-44C5-A69E-1A1A5BE6B6C4}.Release|x64.Build.0 = Release|Any CPU
		{A397D26E-F615-44C5-A69E-1A1A5BE6B6C4}.Release|x86.ActiveCfg = Release|Any CPU
		{A397D26E-F615-44C5-A69E-1A1A5BE6B6C4}.Release|x86.Build.0 = Release|Any CPU
		{C4DF34BB-CE87-45FC-9EB8-E69967F22818}.Debug|Any CPU.ActiveCfg = Debug|Any CPU
		{C4DF34BB-CE87-45FC-9EB8-E69967F22818}.Debug|Any CPU.Build.0 = Debug|Any CPU
		{C4DF34BB-CE87-45FC-9EB8-E69967F22818}.Debug|x64.ActiveCfg = Debug|Any CPU
		{C4DF34BB-CE87-45FC-9EB8-E69967F22818}.Debug|x64.Build.0 = Debug|Any CPU
		{C4DF34BB-CE87-45FC-9EB8-E69967F22818}.Debug|x86.ActiveCfg = Debug|Any CPU
		{C4DF34BB-CE87-45FC-9EB8-E69967F22818}.Debug|x86.Build.0 = Debug|Any CPU
		{C4DF34BB-CE87-45FC-9EB8-E69967F22818}.Release|Any CPU.ActiveCfg = Release|Any CPU
		{C4DF34BB-CE87-45FC-9EB8-E69967F22818}.Release|Any CPU.Build.0 = Release|Any CPU
		{C4DF34BB-CE87-45FC-9EB8-E69967F22818}.Release|x64.ActiveCfg = Release|Any CPU
		{C4DF34BB-CE87-45FC-9EB8-E69967F22818}.Release|x64.Build.0 = Release|Any CPU
		{C4DF34BB-CE87-45FC-9EB8-E69967F22818}.Release|x86.ActiveCfg = Release|Any CPU
		{C4DF34BB-CE87-45FC-9EB8-E69967F22818}.Release|x86.Build.0 = Release|Any CPU
		{B62F8E19-C7B4-421B-B2E7-E382DA0708FE}.Debug|Any CPU.ActiveCfg = Debug|Any CPU
		{B62F8E19-C7B4-421B-B2E7-E382DA0708FE}.Debug|Any CPU.Build.0 = Debug|Any CPU
		{B62F8E19-C7B4-421B-B2E7-E382DA0708FE}.Debug|x64.ActiveCfg = Debug|Any CPU
		{B62F8E19-C7B4-421B-B2E7-E382DA0708FE}.Debug|x64.Build.0 = Debug|Any CPU
		{B62F8E19-C7B4-421B-B2E7-E382DA0708FE}.Debug|x86.ActiveCfg = Debug|Any CPU
		{B62F8E19-C7B4-421B-B2E7-E382DA0708FE}.Debug|x86.Build.0 = Debug|Any CPU
		{B62F8E19-C7B4-421B-B2E7-E382DA0708FE}.Release|Any CPU.ActiveCfg = Release|Any CPU
		{B62F8E19-C7B4-421B-B2E7-E382DA0708FE}.Release|Any CPU.Build.0 = Release|Any CPU
		{B62F8E19-C7B4-421B-B2E7-E382DA0708FE}.Release|x64.ActiveCfg = Release|Any CPU
		{B62F8E19-C7B4-421B-B2E7-E382DA0708FE}.Release|x64.Build.0 = Release|Any CPU
		{B62F8E19-C7B4-421B-B2E7-E382DA0708FE}.Release|x86.ActiveCfg = Release|Any CPU
		{B62F8E19-C7B4-421B-B2E7-E382DA0708FE}.Release|x86.Build.0 = Release|Any CPU
		{6FEBFD64-8B22-4C69-8BFB-8CB7837A449C}.Debug|Any CPU.ActiveCfg = Debug|Any CPU
		{6FEBFD64-8B22-4C69-8BFB-8CB7837A449C}.Debug|Any CPU.Build.0 = Debug|Any CPU
		{6FEBFD64-8B22-4C69-8BFB-8CB7837A449C}.Debug|x64.ActiveCfg = Debug|Any CPU
		{6FEBFD64-8B22-4C69-8BFB-8CB7837A449C}.Debug|x64.Build.0 = Debug|Any CPU
		{6FEBFD64-8B22-4C69-8BFB-8CB7837A449C}.Debug|x86.ActiveCfg = Debug|Any CPU
		{6FEBFD64-8B22-4C69-8BFB-8CB7837A449C}.Debug|x86.Build.0 = Debug|Any CPU
		{6FEBFD64-8B22-4C69-8BFB-8CB7837A449C}.Release|Any CPU.ActiveCfg = Release|Any CPU
		{6FEBFD64-8B22-4C69-8BFB-8CB7837A449C}.Release|Any CPU.Build.0 = Release|Any CPU
		{6FEBFD64-8B22-4C69-8BFB-8CB7837A449C}.Release|x64.ActiveCfg = Release|Any CPU
		{6FEBFD64-8B22-4C69-8BFB-8CB7837A449C}.Release|x64.Build.0 = Release|Any CPU
		{6FEBFD64-8B22-4C69-8BFB-8CB7837A449C}.Release|x86.ActiveCfg = Release|Any CPU
		{6FEBFD64-8B22-4C69-8BFB-8CB7837A449C}.Release|x86.Build.0 = Release|Any CPU
		{0AB84F10-02E6-4A77-8E87-55CA188C6B66}.Debug|Any CPU.ActiveCfg = Debug|Any CPU
		{0AB84F10-02E6-4A77-8E87-55CA188C6B66}.Debug|Any CPU.Build.0 = Debug|Any CPU
		{0AB84F10-02E6-4A77-8E87-55CA188C6B66}.Debug|x64.ActiveCfg = Debug|Any CPU
		{0AB84F10-02E6-4A77-8E87-55CA188C6B66}.Debug|x64.Build.0 = Debug|Any CPU
		{0AB84F10-02E6-4A77-8E87-55CA188C6B66}.Debug|x86.ActiveCfg = Debug|Any CPU
		{0AB84F10-02E6-4A77-8E87-55CA188C6B66}.Debug|x86.Build.0 = Debug|Any CPU
		{0AB84F10-02E6-4A77-8E87-55CA188C6B66}.Release|Any CPU.ActiveCfg = Release|Any CPU
		{0AB84F10-02E6-4A77-8E87-55CA188C6B66}.Release|Any CPU.Build.0 = Release|Any CPU
		{0AB84F10-02E6-4A77-8E87-55CA188C6B66}.Release|x64.ActiveCfg = Release|Any CPU
		{0AB84F10-02E6-4A77-8E87-55CA188C6B66}.Release|x64.Build.0 = Release|Any CPU
		{0AB84F10-02E6-4A77-8E87-55CA188C6B66}.Release|x86.ActiveCfg = Release|Any CPU
		{0AB84F10-02E6-4A77-8E87-55CA188C6B66}.Release|x86.Build.0 = Release|Any CPU
	EndGlobalSection
	GlobalSection(NestedProjects) = preSolution
		{B2973822-DF23-44DD-8EB6-FA4D4117D527} = {B2319AA9-D6F7-4580-8B52-E5A51719695C}
		{CA9A6D99-EEA6-4BE0-A257-C58F98CEAA9A} = {1B5085BD-7F69-4C4F-90EF-701C1418825B}
		{BC7B12C8-FA3B-446E-8183-5EF7E64B42FF} = {64771907-AC16-4C4D-BC85-F697E85BDEB2}
		{F5F988E0-02DC-4197-8EDC-397EA7F23BCA} = {A107EEE5-A2BE-4221-A2BB-923B35CAECC4}
		{A9496040-18C9-43BF-AC8B-EF28BFD760AA} = {F5F988E0-02DC-4197-8EDC-397EA7F23BCA}
		{64C66B8F-5B92-42EA-A5B6-D10CB22DDED1} = {A9496040-18C9-43BF-AC8B-EF28BFD760AA}
		{E3AF2DC3-0501-4B46-9C8D-9B9CCB6DDA0A} = {F5F988E0-02DC-4197-8EDC-397EA7F23BCA}
		{0E3AC280-163F-4474-8269-F6FF84D269DD} = {E3AF2DC3-0501-4B46-9C8D-9B9CCB6DDA0A}
		{8FA8C6E4-2EBB-423E-9E95-4B70F500361C} = {F5F988E0-02DC-4197-8EDC-397EA7F23BCA}
		{5A53A77C-CC14-4D4A-BFE2-8780ACFFD179} = {8FA8C6E4-2EBB-423E-9E95-4B70F500361C}
		{C5EC9933-C59D-4867-AC3D-6AD00CD9FE3A} = {F5F988E0-02DC-4197-8EDC-397EA7F23BCA}
		{A397D26E-F615-44C5-A69E-1A1A5BE6B6C4} = {C5EC9933-C59D-4867-AC3D-6AD00CD9FE3A}
		{0FA6F746-89C6-4AA1-9CF1-1F8D2745AF97} = {A107EEE5-A2BE-4221-A2BB-923B35CAECC4}
		{E01C5680-89BE-4659-B050-3F9B1911AFEB} = {0FA6F746-89C6-4AA1-9CF1-1F8D2745AF97}
		{C4DF34BB-CE87-45FC-9EB8-E69967F22818} = {E01C5680-89BE-4659-B050-3F9B1911AFEB}
		{C680CB9E-D547-4324-A224-344C8C8472A4} = {0FA6F746-89C6-4AA1-9CF1-1F8D2745AF97}
		{B62F8E19-C7B4-421B-B2E7-E382DA0708FE} = {C680CB9E-D547-4324-A224-344C8C8472A4}
		{943D70A6-B1C6-41F3-9951-D5D28BFB34B7} = {0FA6F746-89C6-4AA1-9CF1-1F8D2745AF97}
		{6FEBFD64-8B22-4C69-8BFB-8CB7837A449C} = {943D70A6-B1C6-41F3-9951-D5D28BFB34B7}
		{3332E6B8-57AD-49FE-A562-C64063565CEE} = {0FA6F746-89C6-4AA1-9CF1-1F8D2745AF97}
		{0AB84F10-02E6-4A77-8E87-55CA188C6B66} = {3332E6B8-57AD-49FE-A562-C64063565CEE}
	EndGlobalSection
EndGlobal
